
Microsoft Visual Studio Solution File, Format Version 12.00
# Visual Studio 15
VisualStudioVersion = 15.0.26730.15
MinimumVisualStudioVersion = 10.0.40219.1
Project("{2150E333-8FDC-42A3-9474-1A3956D46DE8}") = "DataStore", "DataStore", "{90CAD0B5-CB86-45FB-AE80-5F25E49A1204}"
EndProject
Project("{2150E333-8FDC-42A3-9474-1A3956D46DE8}") = "Core", "Core", "{37C77A6A-19AD-406F-BDFD-E9DC9DD5EA99}"
EndProject
Project("{FAE04EC0-301F-11D3-BF4B-00C04F79EFBC}") = "GamesLibrary.UWP", "GamesLibrary.UWP\GamesLibrary.UWP.csproj", "{BF62EA2D-6B26-4A5E-A8EF-B25E05028CB9}"
EndProject
Project("{FAE04EC0-301F-11D3-BF4B-00C04F79EFBC}") = "GamesLibrary.Android", "GamesLibrary.Android\GamesLibrary.Android.csproj", "{231E9DD8-CE58-43BC-8C86-8A6401B9ED93}"
EndProject
Project("{2150E333-8FDC-42A3-9474-1A3956D46DE8}") = "Targets", "Targets", "{7A614866-844B-41F0-A63E-440F39301E3E}"
EndProject
Project("{9A19103F-16F7-4668-BE54-9A1E7A4F7556}") = "GamesLibrary.Core", "GamesLibrary.Core\GamesLibrary.Core.csproj", "{6A651EE7-2660-4E9D-A08E-843F935D44D5}"
EndProject
Project("{9A19103F-16F7-4668-BE54-9A1E7A4F7556}") = "GamesLibrary.UI", "GamesLibrary.UI\GamesLibrary.UI.csproj", "{E8FBB747-6E7B-4CE7-AE50-9DA9B755932F}"
EndProject
Project("{FAE04EC0-301F-11D3-BF4B-00C04F79EFBC}") = "GamesLibrary.DataStore", "GamesLibrary.DataStore\GamesLibrary.DataStore.csproj", "{969BCF96-6870-4227-84F9-9202A0446AEC}"
EndProject
Project("{FAE04EC0-301F-11D3-BF4B-00C04F79EFBC}") = "GamesLibrary.DataStore.Local", "GamesLibrary.DataStore.Local\GamesLibrary.DataStore.Local.csproj", "{4604D7C5-51B6-4E74-8BF7-DCE168D37F6C}"
EndProject
Project("{FAE04EC0-301F-11D3-BF4B-00C04F79EFBC}") = "GamesLibrary.DataStore.Mocks", "GamesLibrary.DataStore.Mocks\GamesLibrary.DataStore.Mocks.csproj", "{55F05633-5E09-415D-B29C-26FA06AADBE6}"
EndProject
Global
	GlobalSection(SolutionConfigurationPlatforms) = preSolution
		Ad-Hoc|Any CPU = Ad-Hoc|Any CPU
		Ad-Hoc|ARM = Ad-Hoc|ARM
		Ad-Hoc|iPhone = Ad-Hoc|iPhone
		Ad-Hoc|iPhoneSimulator = Ad-Hoc|iPhoneSimulator
		Ad-Hoc|x64 = Ad-Hoc|x64
		Ad-Hoc|x86 = Ad-Hoc|x86
		AppStore|Any CPU = AppStore|Any CPU
		AppStore|ARM = AppStore|ARM
		AppStore|iPhone = AppStore|iPhone
		AppStore|iPhoneSimulator = AppStore|iPhoneSimulator
		AppStore|x64 = AppStore|x64
		AppStore|x86 = AppStore|x86
		Debug|Any CPU = Debug|Any CPU
		Debug|ARM = Debug|ARM
		Debug|iPhone = Debug|iPhone
		Debug|iPhoneSimulator = Debug|iPhoneSimulator
		Debug|x64 = Debug|x64
		Debug|x86 = Debug|x86
		Release|Any CPU = Release|Any CPU
		Release|ARM = Release|ARM
		Release|iPhone = Release|iPhone
		Release|iPhoneSimulator = Release|iPhoneSimulator
		Release|x64 = Release|x64
		Release|x86 = Release|x86
	EndGlobalSection
	GlobalSection(ProjectConfigurationPlatforms) = postSolution
		{BF62EA2D-6B26-4A5E-A8EF-B25E05028CB9}.Ad-Hoc|Any CPU.ActiveCfg = Release|x64
		{BF62EA2D-6B26-4A5E-A8EF-B25E05028CB9}.Ad-Hoc|Any CPU.Build.0 = Release|x64
		{BF62EA2D-6B26-4A5E-A8EF-B25E05028CB9}.Ad-Hoc|Any CPU.Deploy.0 = Release|x64
		{BF62EA2D-6B26-4A5E-A8EF-B25E05028CB9}.Ad-Hoc|ARM.ActiveCfg = Release|ARM
		{BF62EA2D-6B26-4A5E-A8EF-B25E05028CB9}.Ad-Hoc|ARM.Build.0 = Release|ARM
		{BF62EA2D-6B26-4A5E-A8EF-B25E05028CB9}.Ad-Hoc|ARM.Deploy.0 = Release|ARM
		{BF62EA2D-6B26-4A5E-A8EF-B25E05028CB9}.Ad-Hoc|iPhone.ActiveCfg = Release|x64
		{BF62EA2D-6B26-4A5E-A8EF-B25E05028CB9}.Ad-Hoc|iPhone.Build.0 = Release|x64
		{BF62EA2D-6B26-4A5E-A8EF-B25E05028CB9}.Ad-Hoc|iPhone.Deploy.0 = Release|x64
		{BF62EA2D-6B26-4A5E-A8EF-B25E05028CB9}.Ad-Hoc|iPhoneSimulator.ActiveCfg = Release|x64
		{BF62EA2D-6B26-4A5E-A8EF-B25E05028CB9}.Ad-Hoc|iPhoneSimulator.Build.0 = Release|x64
		{BF62EA2D-6B26-4A5E-A8EF-B25E05028CB9}.Ad-Hoc|iPhoneSimulator.Deploy.0 = Release|x64
		{BF62EA2D-6B26-4A5E-A8EF-B25E05028CB9}.Ad-Hoc|x64.ActiveCfg = Release|x64
		{BF62EA2D-6B26-4A5E-A8EF-B25E05028CB9}.Ad-Hoc|x64.Build.0 = Release|x64
		{BF62EA2D-6B26-4A5E-A8EF-B25E05028CB9}.Ad-Hoc|x64.Deploy.0 = Release|x64
		{BF62EA2D-6B26-4A5E-A8EF-B25E05028CB9}.Ad-Hoc|x86.ActiveCfg = Release|x86
		{BF62EA2D-6B26-4A5E-A8EF-B25E05028CB9}.Ad-Hoc|x86.Build.0 = Release|x86
		{BF62EA2D-6B26-4A5E-A8EF-B25E05028CB9}.Ad-Hoc|x86.Deploy.0 = Release|x86
		{BF62EA2D-6B26-4A5E-A8EF-B25E05028CB9}.AppStore|Any CPU.ActiveCfg = Release|x64
		{BF62EA2D-6B26-4A5E-A8EF-B25E05028CB9}.AppStore|Any CPU.Build.0 = Release|x64
		{BF62EA2D-6B26-4A5E-A8EF-B25E05028CB9}.AppStore|Any CPU.Deploy.0 = Release|x64
		{BF62EA2D-6B26-4A5E-A8EF-B25E05028CB9}.AppStore|ARM.ActiveCfg = Release|ARM
		{BF62EA2D-6B26-4A5E-A8EF-B25E05028CB9}.AppStore|ARM.Build.0 = Release|ARM
		{BF62EA2D-6B26-4A5E-A8EF-B25E05028CB9}.AppStore|ARM.Deploy.0 = Release|ARM
		{BF62EA2D-6B26-4A5E-A8EF-B25E05028CB9}.AppStore|iPhone.ActiveCfg = Release|x64
		{BF62EA2D-6B26-4A5E-A8EF-B25E05028CB9}.AppStore|iPhone.Build.0 = Release|x64
		{BF62EA2D-6B26-4A5E-A8EF-B25E05028CB9}.AppStore|iPhone.Deploy.0 = Release|x64
		{BF62EA2D-6B26-4A5E-A8EF-B25E05028CB9}.AppStore|iPhoneSimulator.ActiveCfg = Release|x64
		{BF62EA2D-6B26-4A5E-A8EF-B25E05028CB9}.AppStore|iPhoneSimulator.Build.0 = Release|x64
		{BF62EA2D-6B26-4A5E-A8EF-B25E05028CB9}.AppStore|iPhoneSimulator.Deploy.0 = Release|x64
		{BF62EA2D-6B26-4A5E-A8EF-B25E05028CB9}.AppStore|x64.ActiveCfg = Release|x64
		{BF62EA2D-6B26-4A5E-A8EF-B25E05028CB9}.AppStore|x64.Build.0 = Release|x64
		{BF62EA2D-6B26-4A5E-A8EF-B25E05028CB9}.AppStore|x64.Deploy.0 = Release|x64
		{BF62EA2D-6B26-4A5E-A8EF-B25E05028CB9}.AppStore|x86.ActiveCfg = Release|x86
		{BF62EA2D-6B26-4A5E-A8EF-B25E05028CB9}.AppStore|x86.Build.0 = Release|x86
		{BF62EA2D-6B26-4A5E-A8EF-B25E05028CB9}.AppStore|x86.Deploy.0 = Release|x86
		{BF62EA2D-6B26-4A5E-A8EF-B25E05028CB9}.Debug|Any CPU.ActiveCfg = Debug|x86
		{BF62EA2D-6B26-4A5E-A8EF-B25E05028CB9}.Debug|Any CPU.Build.0 = Debug|x86
		{BF62EA2D-6B26-4A5E-A8EF-B25E05028CB9}.Debug|Any CPU.Deploy.0 = Debug|x86
		{BF62EA2D-6B26-4A5E-A8EF-B25E05028CB9}.Debug|ARM.ActiveCfg = Debug|ARM
		{BF62EA2D-6B26-4A5E-A8EF-B25E05028CB9}.Debug|ARM.Build.0 = Debug|ARM
		{BF62EA2D-6B26-4A5E-A8EF-B25E05028CB9}.Debug|ARM.Deploy.0 = Debug|ARM
		{BF62EA2D-6B26-4A5E-A8EF-B25E05028CB9}.Debug|iPhone.ActiveCfg = Debug|x86
		{BF62EA2D-6B26-4A5E-A8EF-B25E05028CB9}.Debug|iPhoneSimulator.ActiveCfg = Debug|x86
		{BF62EA2D-6B26-4A5E-A8EF-B25E05028CB9}.Debug|x64.ActiveCfg = Debug|x64
		{BF62EA2D-6B26-4A5E-A8EF-B25E05028CB9}.Debug|x64.Build.0 = Debug|x64
		{BF62EA2D-6B26-4A5E-A8EF-B25E05028CB9}.Debug|x64.Deploy.0 = Debug|x64
		{BF62EA2D-6B26-4A5E-A8EF-B25E05028CB9}.Debug|x86.ActiveCfg = Debug|x86
		{BF62EA2D-6B26-4A5E-A8EF-B25E05028CB9}.Debug|x86.Build.0 = Debug|x86
		{BF62EA2D-6B26-4A5E-A8EF-B25E05028CB9}.Debug|x86.Deploy.0 = Debug|x86
		{BF62EA2D-6B26-4A5E-A8EF-B25E05028CB9}.Release|Any CPU.ActiveCfg = Release|x86
		{BF62EA2D-6B26-4A5E-A8EF-B25E05028CB9}.Release|ARM.ActiveCfg = Release|ARM
		{BF62EA2D-6B26-4A5E-A8EF-B25E05028CB9}.Release|ARM.Build.0 = Release|ARM
		{BF62EA2D-6B26-4A5E-A8EF-B25E05028CB9}.Release|ARM.Deploy.0 = Release|ARM
		{BF62EA2D-6B26-4A5E-A8EF-B25E05028CB9}.Release|iPhone.ActiveCfg = Release|x86
		{BF62EA2D-6B26-4A5E-A8EF-B25E05028CB9}.Release|iPhoneSimulator.ActiveCfg = Release|x86
		{BF62EA2D-6B26-4A5E-A8EF-B25E05028CB9}.Release|x64.ActiveCfg = Release|x64
		{BF62EA2D-6B26-4A5E-A8EF-B25E05028CB9}.Release|x64.Build.0 = Release|x64
		{BF62EA2D-6B26-4A5E-A8EF-B25E05028CB9}.Release|x64.Deploy.0 = Release|x64
		{BF62EA2D-6B26-4A5E-A8EF-B25E05028CB9}.Release|x86.ActiveCfg = Release|x86
		{BF62EA2D-6B26-4A5E-A8EF-B25E05028CB9}.Release|x86.Build.0 = Release|x86
		{BF62EA2D-6B26-4A5E-A8EF-B25E05028CB9}.Release|x86.Deploy.0 = Release|x86
		{231E9DD8-CE58-43BC-8C86-8A6401B9ED93}.Ad-Hoc|Any CPU.ActiveCfg = Release|Any CPU
		{231E9DD8-CE58-43BC-8C86-8A6401B9ED93}.Ad-Hoc|Any CPU.Build.0 = Release|Any CPU
		{231E9DD8-CE58-43BC-8C86-8A6401B9ED93}.Ad-Hoc|Any CPU.Deploy.0 = Release|Any CPU
		{231E9DD8-CE58-43BC-8C86-8A6401B9ED93}.Ad-Hoc|ARM.ActiveCfg = Release|Any CPU
		{231E9DD8-CE58-43BC-8C86-8A6401B9ED93}.Ad-Hoc|ARM.Build.0 = Release|Any CPU
		{231E9DD8-CE58-43BC-8C86-8A6401B9ED93}.Ad-Hoc|ARM.Deploy.0 = Release|Any CPU
		{231E9DD8-CE58-43BC-8C86-8A6401B9ED93}.Ad-Hoc|iPhone.ActiveCfg = Release|Any CPU
		{231E9DD8-CE58-43BC-8C86-8A6401B9ED93}.Ad-Hoc|iPhone.Build.0 = Release|Any CPU
		{231E9DD8-CE58-43BC-8C86-8A6401B9ED93}.Ad-Hoc|iPhone.Deploy.0 = Release|Any CPU
		{231E9DD8-CE58-43BC-8C86-8A6401B9ED93}.Ad-Hoc|iPhoneSimulator.ActiveCfg = Release|Any CPU
		{231E9DD8-CE58-43BC-8C86-8A6401B9ED93}.Ad-Hoc|iPhoneSimulator.Build.0 = Release|Any CPU
		{231E9DD8-CE58-43BC-8C86-8A6401B9ED93}.Ad-Hoc|iPhoneSimulator.Deploy.0 = Release|Any CPU
		{231E9DD8-CE58-43BC-8C86-8A6401B9ED93}.Ad-Hoc|x64.ActiveCfg = Release|Any CPU
		{231E9DD8-CE58-43BC-8C86-8A6401B9ED93}.Ad-Hoc|x64.Build.0 = Release|Any CPU
		{231E9DD8-CE58-43BC-8C86-8A6401B9ED93}.Ad-Hoc|x64.Deploy.0 = Release|Any CPU
		{231E9DD8-CE58-43BC-8C86-8A6401B9ED93}.Ad-Hoc|x86.ActiveCfg = Release|Any CPU
		{231E9DD8-CE58-43BC-8C86-8A6401B9ED93}.Ad-Hoc|x86.Build.0 = Release|Any CPU
		{231E9DD8-CE58-43BC-8C86-8A6401B9ED93}.Ad-Hoc|x86.Deploy.0 = Release|Any CPU
		{231E9DD8-CE58-43BC-8C86-8A6401B9ED93}.AppStore|Any CPU.ActiveCfg = Release|Any CPU
		{231E9DD8-CE58-43BC-8C86-8A6401B9ED93}.AppStore|Any CPU.Build.0 = Release|Any CPU
		{231E9DD8-CE58-43BC-8C86-8A6401B9ED93}.AppStore|Any CPU.Deploy.0 = Release|Any CPU
		{231E9DD8-CE58-43BC-8C86-8A6401B9ED93}.AppStore|ARM.ActiveCfg = Release|Any CPU
		{231E9DD8-CE58-43BC-8C86-8A6401B9ED93}.AppStore|ARM.Build.0 = Release|Any CPU
		{231E9DD8-CE58-43BC-8C86-8A6401B9ED93}.AppStore|ARM.Deploy.0 = Release|Any CPU
		{231E9DD8-CE58-43BC-8C86-8A6401B9ED93}.AppStore|iPhone.ActiveCfg = Release|Any CPU
		{231E9DD8-CE58-43BC-8C86-8A6401B9ED93}.AppStore|iPhone.Build.0 = Release|Any CPU
		{231E9DD8-CE58-43BC-8C86-8A6401B9ED93}.AppStore|iPhone.Deploy.0 = Release|Any CPU
		{231E9DD8-CE58-43BC-8C86-8A6401B9ED93}.AppStore|iPhoneSimulator.ActiveCfg = Release|Any CPU
		{231E9DD8-CE58-43BC-8C86-8A6401B9ED93}.AppStore|iPhoneSimulator.Build.0 = Release|Any CPU
		{231E9DD8-CE58-43BC-8C86-8A6401B9ED93}.AppStore|iPhoneSimulator.Deploy.0 = Release|Any CPU
		{231E9DD8-CE58-43BC-8C86-8A6401B9ED93}.AppStore|x64.ActiveCfg = Release|Any CPU
		{231E9DD8-CE58-43BC-8C86-8A6401B9ED93}.AppStore|x64.Build.0 = Release|Any CPU
		{231E9DD8-CE58-43BC-8C86-8A6401B9ED93}.AppStore|x64.Deploy.0 = Release|Any CPU
		{231E9DD8-CE58-43BC-8C86-8A6401B9ED93}.AppStore|x86.ActiveCfg = Release|Any CPU
		{231E9DD8-CE58-43BC-8C86-8A6401B9ED93}.AppStore|x86.Build.0 = Release|Any CPU
		{231E9DD8-CE58-43BC-8C86-8A6401B9ED93}.AppStore|x86.Deploy.0 = Release|Any CPU
		{231E9DD8-CE58-43BC-8C86-8A6401B9ED93}.Debug|Any CPU.ActiveCfg = Debug|Any CPU
		{231E9DD8-CE58-43BC-8C86-8A6401B9ED93}.Debug|Any CPU.Build.0 = Debug|Any CPU
		{231E9DD8-CE58-43BC-8C86-8A6401B9ED93}.Debug|Any CPU.Deploy.0 = Debug|Any CPU
		{231E9DD8-CE58-43BC-8C86-8A6401B9ED93}.Debug|ARM.ActiveCfg = Debug|Any CPU
		{231E9DD8-CE58-43BC-8C86-8A6401B9ED93}.Debug|ARM.Build.0 = Debug|Any CPU
		{231E9DD8-CE58-43BC-8C86-8A6401B9ED93}.Debug|ARM.Deploy.0 = Debug|Any CPU
		{231E9DD8-CE58-43BC-8C86-8A6401B9ED93}.Debug|iPhone.ActiveCfg = Debug|Any CPU
		{231E9DD8-CE58-43BC-8C86-8A6401B9ED93}.Debug|iPhone.Build.0 = Debug|Any CPU
		{231E9DD8-CE58-43BC-8C86-8A6401B9ED93}.Debug|iPhone.Deploy.0 = Debug|Any CPU
		{231E9DD8-CE58-43BC-8C86-8A6401B9ED93}.Debug|iPhoneSimulator.ActiveCfg = Debug|Any CPU
		{231E9DD8-CE58-43BC-8C86-8A6401B9ED93}.Debug|iPhoneSimulator.Build.0 = Debug|Any CPU
		{231E9DD8-CE58-43BC-8C86-8A6401B9ED93}.Debug|iPhoneSimulator.Deploy.0 = Debug|Any CPU
		{231E9DD8-CE58-43BC-8C86-8A6401B9ED93}.Debug|x64.ActiveCfg = Debug|Any CPU
		{231E9DD8-CE58-43BC-8C86-8A6401B9ED93}.Debug|x64.Build.0 = Debug|Any CPU
		{231E9DD8-CE58-43BC-8C86-8A6401B9ED93}.Debug|x64.Deploy.0 = Debug|Any CPU
		{231E9DD8-CE58-43BC-8C86-8A6401B9ED93}.Debug|x86.ActiveCfg = Debug|Any CPU
		{231E9DD8-CE58-43BC-8C86-8A6401B9ED93}.Debug|x86.Build.0 = Debug|Any CPU
		{231E9DD8-CE58-43BC-8C86-8A6401B9ED93}.Debug|x86.Deploy.0 = Debug|Any CPU
		{231E9DD8-CE58-43BC-8C86-8A6401B9ED93}.Release|Any CPU.ActiveCfg = Release|Any CPU
		{231E9DD8-CE58-43BC-8C86-8A6401B9ED93}.Release|Any CPU.Build.0 = Release|Any CPU
		{231E9DD8-CE58-43BC-8C86-8A6401B9ED93}.Release|Any CPU.Deploy.0 = Release|Any CPU
		{231E9DD8-CE58-43BC-8C86-8A6401B9ED93}.Release|ARM.ActiveCfg = Release|Any CPU
		{231E9DD8-CE58-43BC-8C86-8A6401B9ED93}.Release|ARM.Build.0 = Release|Any CPU
		{231E9DD8-CE58-43BC-8C86-8A6401B9ED93}.Release|ARM.Deploy.0 = Release|Any CPU
		{231E9DD8-CE58-43BC-8C86-8A6401B9ED93}.Release|iPhone.ActiveCfg = Release|Any CPU
		{231E9DD8-CE58-43BC-8C86-8A6401B9ED93}.Release|iPhone.Build.0 = Release|Any CPU
		{231E9DD8-CE58-43BC-8C86-8A6401B9ED93}.Release|iPhone.Deploy.0 = Release|Any CPU
		{231E9DD8-CE58-43BC-8C86-8A6401B9ED93}.Release|iPhoneSimulator.ActiveCfg = Release|Any CPU
		{231E9DD8-CE58-43BC-8C86-8A6401B9ED93}.Release|iPhoneSimulator.Build.0 = Release|Any CPU
		{231E9DD8-CE58-43BC-8C86-8A6401B9ED93}.Release|iPhoneSimulator.Deploy.0 = Release|Any CPU
		{231E9DD8-CE58-43BC-8C86-8A6401B9ED93}.Release|x64.ActiveCfg = Release|Any CPU
		{231E9DD8-CE58-43BC-8C86-8A6401B9ED93}.Release|x64.Build.0 = Release|Any CPU
		{231E9DD8-CE58-43BC-8C86-8A6401B9ED93}.Release|x64.Deploy.0 = Release|Any CPU
		{231E9DD8-CE58-43BC-8C86-8A6401B9ED93}.Release|x86.ActiveCfg = Release|Any CPU
		{231E9DD8-CE58-43BC-8C86-8A6401B9ED93}.Release|x86.Build.0 = Release|Any CPU
		{231E9DD8-CE58-43BC-8C86-8A6401B9ED93}.Release|x86.Deploy.0 = Release|Any CPU
		{6A651EE7-2660-4E9D-A08E-843F935D44D5}.Ad-Hoc|Any CPU.ActiveCfg = Debug|Any CPU
		{6A651EE7-2660-4E9D-A08E-843F935D44D5}.Ad-Hoc|Any CPU.Build.0 = Debug|Any CPU
		{6A651EE7-2660-4E9D-A08E-843F935D44D5}.Ad-Hoc|ARM.ActiveCfg = Debug|Any CPU
		{6A651EE7-2660-4E9D-A08E-843F935D44D5}.Ad-Hoc|ARM.Build.0 = Debug|Any CPU
		{6A651EE7-2660-4E9D-A08E-843F935D44D5}.Ad-Hoc|iPhone.ActiveCfg = Debug|Any CPU
		{6A651EE7-2660-4E9D-A08E-843F935D44D5}.Ad-Hoc|iPhone.Build.0 = Debug|Any CPU
		{6A651EE7-2660-4E9D-A08E-843F935D44D5}.Ad-Hoc|iPhoneSimulator.ActiveCfg = Debug|Any CPU
		{6A651EE7-2660-4E9D-A08E-843F935D44D5}.Ad-Hoc|iPhoneSimulator.Build.0 = Debug|Any CPU
		{6A651EE7-2660-4E9D-A08E-843F935D44D5}.Ad-Hoc|x64.ActiveCfg = Debug|Any CPU
		{6A651EE7-2660-4E9D-A08E-843F935D44D5}.Ad-Hoc|x64.Build.0 = Debug|Any CPU
		{6A651EE7-2660-4E9D-A08E-843F935D44D5}.Ad-Hoc|x86.ActiveCfg = Debug|Any CPU
		{6A651EE7-2660-4E9D-A08E-843F935D44D5}.Ad-Hoc|x86.Build.0 = Debug|Any CPU
		{6A651EE7-2660-4E9D-A08E-843F935D44D5}.AppStore|Any CPU.ActiveCfg = Debug|Any CPU
		{6A651EE7-2660-4E9D-A08E-843F935D44D5}.AppStore|Any CPU.Build.0 = Debug|Any CPU
		{6A651EE7-2660-4E9D-A08E-843F935D44D5}.AppStore|ARM.ActiveCfg = Debug|Any CPU
		{6A651EE7-2660-4E9D-A08E-843F935D44D5}.AppStore|ARM.Build.0 = Debug|Any CPU
		{6A651EE7-2660-4E9D-A08E-843F935D44D5}.AppStore|iPhone.ActiveCfg = Debug|Any CPU
		{6A651EE7-2660-4E9D-A08E-843F935D44D5}.AppStore|iPhone.Build.0 = Debug|Any CPU
		{6A651EE7-2660-4E9D-A08E-843F935D44D5}.AppStore|iPhoneSimulator.ActiveCfg = Debug|Any CPU
		{6A651EE7-2660-4E9D-A08E-843F935D44D5}.AppStore|iPhoneSimulator.Build.0 = Debug|Any CPU
		{6A651EE7-2660-4E9D-A08E-843F935D44D5}.AppStore|x64.ActiveCfg = Debug|Any CPU
		{6A651EE7-2660-4E9D-A08E-843F935D44D5}.AppStore|x64.Build.0 = Debug|Any CPU
		{6A651EE7-2660-4E9D-A08E-843F935D44D5}.AppStore|x86.ActiveCfg = Debug|Any CPU
		{6A651EE7-2660-4E9D-A08E-843F935D44D5}.AppStore|x86.Build.0 = Debug|Any CPU
		{6A651EE7-2660-4E9D-A08E-843F935D44D5}.Debug|Any CPU.ActiveCfg = Debug|Any CPU
		{6A651EE7-2660-4E9D-A08E-843F935D44D5}.Debug|Any CPU.Build.0 = Debug|Any CPU
		{6A651EE7-2660-4E9D-A08E-843F935D44D5}.Debug|ARM.ActiveCfg = Debug|Any CPU
		{6A651EE7-2660-4E9D-A08E-843F935D44D5}.Debug|ARM.Build.0 = Debug|Any CPU
		{6A651EE7-2660-4E9D-A08E-843F935D44D5}.Debug|iPhone.ActiveCfg = Debug|Any CPU
		{6A651EE7-2660-4E9D-A08E-843F935D44D5}.Debug|iPhone.Build.0 = Debug|Any CPU
		{6A651EE7-2660-4E9D-A08E-843F935D44D5}.Debug|iPhoneSimulator.ActiveCfg = Debug|Any CPU
		{6A651EE7-2660-4E9D-A08E-843F935D44D5}.Debug|iPhoneSimulator.Build.0 = Debug|Any CPU
		{6A651EE7-2660-4E9D-A08E-843F935D44D5}.Debug|x64.ActiveCfg = Debug|Any CPU
		{6A651EE7-2660-4E9D-A08E-843F935D44D5}.Debug|x64.Build.0 = Debug|Any CPU
		{6A651EE7-2660-4E9D-A08E-843F935D44D5}.Debug|x86.ActiveCfg = Debug|Any CPU
		{6A651EE7-2660-4E9D-A08E-843F935D44D5}.Debug|x86.Build.0 = Debug|Any CPU
		{6A651EE7-2660-4E9D-A08E-843F935D44D5}.Release|Any CPU.ActiveCfg = Release|Any CPU
		{6A651EE7-2660-4E9D-A08E-843F935D44D5}.Release|Any CPU.Build.0 = Release|Any CPU
		{6A651EE7-2660-4E9D-A08E-843F935D44D5}.Release|ARM.ActiveCfg = Release|Any CPU
		{6A651EE7-2660-4E9D-A08E-843F935D44D5}.Release|ARM.Build.0 = Release|Any CPU
		{6A651EE7-2660-4E9D-A08E-843F935D44D5}.Release|iPhone.ActiveCfg = Release|Any CPU
		{6A651EE7-2660-4E9D-A08E-843F935D44D5}.Release|iPhone.Build.0 = Release|Any CPU
		{6A651EE7-2660-4E9D-A08E-843F935D44D5}.Release|iPhoneSimulator.ActiveCfg = Release|Any CPU
		{6A651EE7-2660-4E9D-A08E-843F935D44D5}.Release|iPhoneSimulator.Build.0 = Release|Any CPU
		{6A651EE7-2660-4E9D-A08E-843F935D44D5}.Release|x64.ActiveCfg = Release|Any CPU
		{6A651EE7-2660-4E9D-A08E-843F935D44D5}.Release|x64.Build.0 = Release|Any CPU
		{6A651EE7-2660-4E9D-A08E-843F935D44D5}.Release|x86.ActiveCfg = Release|Any CPU
		{6A651EE7-2660-4E9D-A08E-843F935D44D5}.Release|x86.Build.0 = Release|Any CPU
		{E8FBB747-6E7B-4CE7-AE50-9DA9B755932F}.Ad-Hoc|Any CPU.ActiveCfg = Debug|Any CPU
		{E8FBB747-6E7B-4CE7-AE50-9DA9B755932F}.Ad-Hoc|Any CPU.Build.0 = Debug|Any CPU
		{E8FBB747-6E7B-4CE7-AE50-9DA9B755932F}.Ad-Hoc|ARM.ActiveCfg = Debug|Any CPU
		{E8FBB747-6E7B-4CE7-AE50-9DA9B755932F}.Ad-Hoc|ARM.Build.0 = Debug|Any CPU
		{E8FBB747-6E7B-4CE7-AE50-9DA9B755932F}.Ad-Hoc|iPhone.ActiveCfg = Debug|Any CPU
		{E8FBB747-6E7B-4CE7-AE50-9DA9B755932F}.Ad-Hoc|iPhone.Build.0 = Debug|Any CPU
		{E8FBB747-6E7B-4CE7-AE50-9DA9B755932F}.Ad-Hoc|iPhoneSimulator.ActiveCfg = Debug|Any CPU
		{E8FBB747-6E7B-4CE7-AE50-9DA9B755932F}.Ad-Hoc|iPhoneSimulator.Build.0 = Debug|Any CPU
		{E8FBB747-6E7B-4CE7-AE50-9DA9B755932F}.Ad-Hoc|x64.ActiveCfg = Debug|Any CPU
		{E8FBB747-6E7B-4CE7-AE50-9DA9B755932F}.Ad-Hoc|x64.Build.0 = Debug|Any CPU
		{E8FBB747-6E7B-4CE7-AE50-9DA9B755932F}.Ad-Hoc|x86.ActiveCfg = Debug|Any CPU
		{E8FBB747-6E7B-4CE7-AE50-9DA9B755932F}.Ad-Hoc|x86.Build.0 = Debug|Any CPU
		{E8FBB747-6E7B-4CE7-AE50-9DA9B755932F}.AppStore|Any CPU.ActiveCfg = Debug|Any CPU
		{E8FBB747-6E7B-4CE7-AE50-9DA9B755932F}.AppStore|Any CPU.Build.0 = Debug|Any CPU
		{E8FBB747-6E7B-4CE7-AE50-9DA9B755932F}.AppStore|ARM.ActiveCfg = Debug|Any CPU
		{E8FBB747-6E7B-4CE7-AE50-9DA9B755932F}.AppStore|ARM.Build.0 = Debug|Any CPU
		{E8FBB747-6E7B-4CE7-AE50-9DA9B755932F}.AppStore|iPhone.ActiveCfg = Debug|Any CPU
		{E8FBB747-6E7B-4CE7-AE50-9DA9B755932F}.AppStore|iPhone.Build.0 = Debug|Any CPU
		{E8FBB747-6E7B-4CE7-AE50-9DA9B755932F}.AppStore|iPhoneSimulator.ActiveCfg = Debug|Any CPU
		{E8FBB747-6E7B-4CE7-AE50-9DA9B755932F}.AppStore|iPhoneSimulator.Build.0 = Debug|Any CPU
		{E8FBB747-6E7B-4CE7-AE50-9DA9B755932F}.AppStore|x64.ActiveCfg = Debug|Any CPU
		{E8FBB747-6E7B-4CE7-AE50-9DA9B755932F}.AppStore|x64.Build.0 = Debug|Any CPU
		{E8FBB747-6E7B-4CE7-AE50-9DA9B755932F}.AppStore|x86.ActiveCfg = Debug|Any CPU
		{E8FBB747-6E7B-4CE7-AE50-9DA9B755932F}.AppStore|x86.Build.0 = Debug|Any CPU
		{E8FBB747-6E7B-4CE7-AE50-9DA9B755932F}.Debug|Any CPU.ActiveCfg = Debug|Any CPU
		{E8FBB747-6E7B-4CE7-AE50-9DA9B755932F}.Debug|Any CPU.Build.0 = Debug|Any CPU
		{E8FBB747-6E7B-4CE7-AE50-9DA9B755932F}.Debug|ARM.ActiveCfg = Debug|Any CPU
		{E8FBB747-6E7B-4CE7-AE50-9DA9B755932F}.Debug|ARM.Build.0 = Debug|Any CPU
		{E8FBB747-6E7B-4CE7-AE50-9DA9B755932F}.Debug|iPhone.ActiveCfg = Debug|Any CPU
		{E8FBB747-6E7B-4CE7-AE50-9DA9B755932F}.Debug|iPhone.Build.0 = Debug|Any CPU
		{E8FBB747-6E7B-4CE7-AE50-9DA9B755932F}.Debug|iPhoneSimulator.ActiveCfg = Debug|Any CPU
		{E8FBB747-6E7B-4CE7-AE50-9DA9B755932F}.Debug|iPhoneSimulator.Build.0 = Debug|Any CPU
		{E8FBB747-6E7B-4CE7-AE50-9DA9B755932F}.Debug|x64.ActiveCfg = Debug|Any CPU
		{E8FBB747-6E7B-4CE7-AE50-9DA9B755932F}.Debug|x64.Build.0 = Debug|Any CPU
		{E8FBB747-6E7B-4CE7-AE50-9DA9B755932F}.Debug|x86.ActiveCfg = Debug|Any CPU
		{E8FBB747-6E7B-4CE7-AE50-9DA9B755932F}.Debug|x86.Build.0 = Debug|Any CPU
		{E8FBB747-6E7B-4CE7-AE50-9DA9B755932F}.Release|Any CPU.ActiveCfg = Release|Any CPU
		{E8FBB747-6E7B-4CE7-AE50-9DA9B755932F}.Release|Any CPU.Build.0 = Release|Any CPU
		{E8FBB747-6E7B-4CE7-AE50-9DA9B755932F}.Release|ARM.ActiveCfg = Release|Any CPU
		{E8FBB747-6E7B-4CE7-AE50-9DA9B755932F}.Release|ARM.Build.0 = Release|Any CPU
		{E8FBB747-6E7B-4CE7-AE50-9DA9B755932F}.Release|iPhone.ActiveCfg = Release|Any CPU
		{E8FBB747-6E7B-4CE7-AE50-9DA9B755932F}.Release|iPhone.Build.0 = Release|Any CPU
		{E8FBB747-6E7B-4CE7-AE50-9DA9B755932F}.Release|iPhoneSimulator.ActiveCfg = Release|Any CPU
		{E8FBB747-6E7B-4CE7-AE50-9DA9B755932F}.Release|iPhoneSimulator.Build.0 = Release|Any CPU
		{E8FBB747-6E7B-4CE7-AE50-9DA9B755932F}.Release|x64.ActiveCfg = Release|Any CPU
		{E8FBB747-6E7B-4CE7-AE50-9DA9B755932F}.Release|x64.Build.0 = Release|Any CPU
		{E8FBB747-6E7B-4CE7-AE50-9DA9B755932F}.Release|x86.ActiveCfg = Release|Any CPU
		{E8FBB747-6E7B-4CE7-AE50-9DA9B755932F}.Release|x86.Build.0 = Release|Any CPU
		{969BCF96-6870-4227-84F9-9202A0446AEC}.Ad-Hoc|Any CPU.ActiveCfg = Debug|Any CPU
		{969BCF96-6870-4227-84F9-9202A0446AEC}.Ad-Hoc|Any CPU.Build.0 = Debug|Any CPU
		{969BCF96-6870-4227-84F9-9202A0446AEC}.Ad-Hoc|ARM.ActiveCfg = Debug|Any CPU
		{969BCF96-6870-4227-84F9-9202A0446AEC}.Ad-Hoc|ARM.Build.0 = Debug|Any CPU
		{969BCF96-6870-4227-84F9-9202A0446AEC}.Ad-Hoc|iPhone.ActiveCfg = Debug|Any CPU
		{969BCF96-6870-4227-84F9-9202A0446AEC}.Ad-Hoc|iPhone.Build.0 = Debug|Any CPU
		{969BCF96-6870-4227-84F9-9202A0446AEC}.Ad-Hoc|iPhoneSimulator.ActiveCfg = Debug|Any CPU
		{969BCF96-6870-4227-84F9-9202A0446AEC}.Ad-Hoc|iPhoneSimulator.Build.0 = Debug|Any CPU
		{969BCF96-6870-4227-84F9-9202A0446AEC}.Ad-Hoc|x64.ActiveCfg = Debug|Any CPU
		{969BCF96-6870-4227-84F9-9202A0446AEC}.Ad-Hoc|x64.Build.0 = Debug|Any CPU
		{969BCF96-6870-4227-84F9-9202A0446AEC}.Ad-Hoc|x86.ActiveCfg = Debug|Any CPU
		{969BCF96-6870-4227-84F9-9202A0446AEC}.Ad-Hoc|x86.Build.0 = Debug|Any CPU
		{969BCF96-6870-4227-84F9-9202A0446AEC}.AppStore|Any CPU.ActiveCfg = Debug|Any CPU
		{969BCF96-6870-4227-84F9-9202A0446AEC}.AppStore|Any CPU.Build.0 = Debug|Any CPU
		{969BCF96-6870-4227-84F9-9202A0446AEC}.AppStore|ARM.ActiveCfg = Debug|Any CPU
		{969BCF96-6870-4227-84F9-9202A0446AEC}.AppStore|ARM.Build.0 = Debug|Any CPU
		{969BCF96-6870-4227-84F9-9202A0446AEC}.AppStore|iPhone.ActiveCfg = Debug|Any CPU
		{969BCF96-6870-4227-84F9-9202A0446AEC}.AppStore|iPhone.Build.0 = Debug|Any CPU
		{969BCF96-6870-4227-84F9-9202A0446AEC}.AppStore|iPhoneSimulator.ActiveCfg = Debug|Any CPU
		{969BCF96-6870-4227-84F9-9202A0446AEC}.AppStore|iPhoneSimulator.Build.0 = Debug|Any CPU
		{969BCF96-6870-4227-84F9-9202A0446AEC}.AppStore|x64.ActiveCfg = Debug|Any CPU
		{969BCF96-6870-4227-84F9-9202A0446AEC}.AppStore|x64.Build.0 = Debug|Any CPU
		{969BCF96-6870-4227-84F9-9202A0446AEC}.AppStore|x86.ActiveCfg = Debug|Any CPU
		{969BCF96-6870-4227-84F9-9202A0446AEC}.AppStore|x86.Build.0 = Debug|Any CPU
		{969BCF96-6870-4227-84F9-9202A0446AEC}.Debug|Any CPU.ActiveCfg = Debug|Any CPU
		{969BCF96-6870-4227-84F9-9202A0446AEC}.Debug|Any CPU.Build.0 = Debug|Any CPU
		{969BCF96-6870-4227-84F9-9202A0446AEC}.Debug|ARM.ActiveCfg = Debug|Any CPU
		{969BCF96-6870-4227-84F9-9202A0446AEC}.Debug|ARM.Build.0 = Debug|Any CPU
		{969BCF96-6870-4227-84F9-9202A0446AEC}.Debug|iPhone.ActiveCfg = Debug|Any CPU
		{969BCF96-6870-4227-84F9-9202A0446AEC}.Debug|iPhone.Build.0 = Debug|Any CPU
		{969BCF96-6870-4227-84F9-9202A0446AEC}.Debug|iPhoneSimulator.ActiveCfg = Debug|Any CPU
		{969BCF96-6870-4227-84F9-9202A0446AEC}.Debug|iPhoneSimulator.Build.0 = Debug|Any CPU
		{969BCF96-6870-4227-84F9-9202A0446AEC}.Debug|x64.ActiveCfg = Debug|Any CPU
		{969BCF96-6870-4227-84F9-9202A0446AEC}.Debug|x64.Build.0 = Debug|Any CPU
		{969BCF96-6870-4227-84F9-9202A0446AEC}.Debug|x86.ActiveCfg = Debug|Any CPU
		{969BCF96-6870-4227-84F9-9202A0446AEC}.Debug|x86.Build.0 = Debug|Any CPU
		{969BCF96-6870-4227-84F9-9202A0446AEC}.Release|Any CPU.ActiveCfg = Release|Any CPU
		{969BCF96-6870-4227-84F9-9202A0446AEC}.Release|Any CPU.Build.0 = Release|Any CPU
		{969BCF96-6870-4227-84F9-9202A0446AEC}.Release|ARM.ActiveCfg = Release|Any CPU
		{969BCF96-6870-4227-84F9-9202A0446AEC}.Release|ARM.Build.0 = Release|Any CPU
		{969BCF96-6870-4227-84F9-9202A0446AEC}.Release|iPhone.ActiveCfg = Release|Any CPU
		{969BCF96-6870-4227-84F9-9202A0446AEC}.Release|iPhone.Build.0 = Release|Any CPU
		{969BCF96-6870-4227-84F9-9202A0446AEC}.Release|iPhoneSimulator.ActiveCfg = Release|Any CPU
		{969BCF96-6870-4227-84F9-9202A0446AEC}.Release|iPhoneSimulator.Build.0 = Release|Any CPU
		{969BCF96-6870-4227-84F9-9202A0446AEC}.Release|x64.ActiveCfg = Release|Any CPU
		{969BCF96-6870-4227-84F9-9202A0446AEC}.Release|x64.Build.0 = Release|Any CPU
		{969BCF96-6870-4227-84F9-9202A0446AEC}.Release|x86.ActiveCfg = Release|Any CPU
		{969BCF96-6870-4227-84F9-9202A0446AEC}.Release|x86.Build.0 = Release|Any CPU
		{4604D7C5-51B6-4E74-8BF7-DCE168D37F6C}.Ad-Hoc|Any CPU.ActiveCfg = Debug|Any CPU
		{4604D7C5-51B6-4E74-8BF7-DCE168D37F6C}.Ad-Hoc|Any CPU.Build.0 = Debug|Any CPU
		{4604D7C5-51B6-4E74-8BF7-DCE168D37F6C}.Ad-Hoc|ARM.ActiveCfg = Debug|Any CPU
		{4604D7C5-51B6-4E74-8BF7-DCE168D37F6C}.Ad-Hoc|ARM.Build.0 = Debug|Any CPU
		{4604D7C5-51B6-4E74-8BF7-DCE168D37F6C}.Ad-Hoc|iPhone.ActiveCfg = Debug|Any CPU
		{4604D7C5-51B6-4E74-8BF7-DCE168D37F6C}.Ad-Hoc|iPhone.Build.0 = Debug|Any CPU
		{4604D7C5-51B6-4E74-8BF7-DCE168D37F6C}.Ad-Hoc|iPhoneSimulator.ActiveCfg = Debug|Any CPU
		{4604D7C5-51B6-4E74-8BF7-DCE168D37F6C}.Ad-Hoc|iPhoneSimulator.Build.0 = Debug|Any CPU
		{4604D7C5-51B6-4E74-8BF7-DCE168D37F6C}.Ad-Hoc|x64.ActiveCfg = Debug|Any CPU
		{4604D7C5-51B6-4E74-8BF7-DCE168D37F6C}.Ad-Hoc|x64.Build.0 = Debug|Any CPU
		{4604D7C5-51B6-4E74-8BF7-DCE168D37F6C}.Ad-Hoc|x86.ActiveCfg = Debug|Any CPU
		{4604D7C5-51B6-4E74-8BF7-DCE168D37F6C}.Ad-Hoc|x86.Build.0 = Debug|Any CPU
		{4604D7C5-51B6-4E74-8BF7-DCE168D37F6C}.AppStore|Any CPU.ActiveCfg = Debug|Any CPU
		{4604D7C5-51B6-4E74-8BF7-DCE168D37F6C}.AppStore|Any CPU.Build.0 = Debug|Any CPU
		{4604D7C5-51B6-4E74-8BF7-DCE168D37F6C}.AppStore|ARM.ActiveCfg = Debug|Any CPU
		{4604D7C5-51B6-4E74-8BF7-DCE168D37F6C}.AppStore|ARM.Build.0 = Debug|Any CPU
		{4604D7C5-51B6-4E74-8BF7-DCE168D37F6C}.AppStore|iPhone.ActiveCfg = Debug|Any CPU
		{4604D7C5-51B6-4E74-8BF7-DCE168D37F6C}.AppStore|iPhone.Build.0 = Debug|Any CPU
		{4604D7C5-51B6-4E74-8BF7-DCE168D37F6C}.AppStore|iPhoneSimulator.ActiveCfg = Debug|Any CPU
		{4604D7C5-51B6-4E74-8BF7-DCE168D37F6C}.AppStore|iPhoneSimulator.Build.0 = Debug|Any CPU
		{4604D7C5-51B6-4E74-8BF7-DCE168D37F6C}.AppStore|x64.ActiveCfg = Debug|Any CPU
		{4604D7C5-51B6-4E74-8BF7-DCE168D37F6C}.AppStore|x64.Build.0 = Debug|Any CPU
		{4604D7C5-51B6-4E74-8BF7-DCE168D37F6C}.AppStore|x86.ActiveCfg = Debug|Any CPU
		{4604D7C5-51B6-4E74-8BF7-DCE168D37F6C}.AppStore|x86.Build.0 = Debug|Any CPU
		{4604D7C5-51B6-4E74-8BF7-DCE168D37F6C}.Debug|Any CPU.ActiveCfg = Debug|Any CPU
		{4604D7C5-51B6-4E74-8BF7-DCE168D37F6C}.Debug|Any CPU.Build.0 = Debug|Any CPU
		{4604D7C5-51B6-4E74-8BF7-DCE168D37F6C}.Debug|ARM.ActiveCfg = Debug|Any CPU
		{4604D7C5-51B6-4E74-8BF7-DCE168D37F6C}.Debug|ARM.Build.0 = Debug|Any CPU
		{4604D7C5-51B6-4E74-8BF7-DCE168D37F6C}.Debug|iPhone.ActiveCfg = Debug|Any CPU
		{4604D7C5-51B6-4E74-8BF7-DCE168D37F6C}.Debug|iPhone.Build.0 = Debug|Any CPU
		{4604D7C5-51B6-4E74-8BF7-DCE168D37F6C}.Debug|iPhoneSimulator.ActiveCfg = Debug|Any CPU
		{4604D7C5-51B6-4E74-8BF7-DCE168D37F6C}.Debug|iPhoneSimulator.Build.0 = Debug|Any CPU
		{4604D7C5-51B6-4E74-8BF7-DCE168D37F6C}.Debug|x64.ActiveCfg = Debug|Any CPU
		{4604D7C5-51B6-4E74-8BF7-DCE168D37F6C}.Debug|x64.Build.0 = Debug|Any CPU
		{4604D7C5-51B6-4E74-8BF7-DCE168D37F6C}.Debug|x86.ActiveCfg = Debug|Any CPU
		{4604D7C5-51B6-4E74-8BF7-DCE168D37F6C}.Debug|x86.Build.0 = Debug|Any CPU
		{4604D7C5-51B6-4E74-8BF7-DCE168D37F6C}.Release|Any CPU.ActiveCfg = Release|Any CPU
		{4604D7C5-51B6-4E74-8BF7-DCE168D37F6C}.Release|Any CPU.Build.0 = Release|Any CPU
		{4604D7C5-51B6-4E74-8BF7-DCE168D37F6C}.Release|ARM.ActiveCfg = Release|Any CPU
		{4604D7C5-51B6-4E74-8BF7-DCE168D37F6C}.Release|ARM.Build.0 = Release|Any CPU
		{4604D7C5-51B6-4E74-8BF7-DCE168D37F6C}.Release|iPhone.ActiveCfg = Release|Any CPU
		{4604D7C5-51B6-4E74-8BF7-DCE168D37F6C}.Release|iPhone.Build.0 = Release|Any CPU
		{4604D7C5-51B6-4E74-8BF7-DCE168D37F6C}.Release|iPhoneSimulator.ActiveCfg = Release|Any CPU
		{4604D7C5-51B6-4E74-8BF7-DCE168D37F6C}.Release|iPhoneSimulator.Build.0 = Release|Any CPU
		{4604D7C5-51B6-4E74-8BF7-DCE168D37F6C}.Release|x64.ActiveCfg = Release|Any CPU
		{4604D7C5-51B6-4E74-8BF7-DCE168D37F6C}.Release|x64.Build.0 = Release|Any CPU
		{4604D7C5-51B6-4E74-8BF7-DCE168D37F6C}.Release|x86.ActiveCfg = Release|Any CPU
		{4604D7C5-51B6-4E74-8BF7-DCE168D37F6C}.Release|x86.Build.0 = Release|Any CPU
		{55F05633-5E09-415D-B29C-26FA06AADBE6}.Ad-Hoc|Any CPU.ActiveCfg = Debug|Any CPU
		{55F05633-5E09-415D-B29C-26FA06AADBE6}.Ad-Hoc|Any CPU.Build.0 = Debug|Any CPU
		{55F05633-5E09-415D-B29C-26FA06AADBE6}.Ad-Hoc|ARM.ActiveCfg = Debug|Any CPU
		{55F05633-5E09-415D-B29C-26FA06AADBE6}.Ad-Hoc|ARM.Build.0 = Debug|Any CPU
		{55F05633-5E09-415D-B29C-26FA06AADBE6}.Ad-Hoc|iPhone.ActiveCfg = Debug|Any CPU
		{55F05633-5E09-415D-B29C-26FA06AADBE6}.Ad-Hoc|iPhone.Build.0 = Debug|Any CPU
		{55F05633-5E09-415D-B29C-26FA06AADBE6}.Ad-Hoc|iPhoneSimulator.ActiveCfg = Debug|Any CPU
		{55F05633-5E09-415D-B29C-26FA06AADBE6}.Ad-Hoc|iPhoneSimulator.Build.0 = Debug|Any CPU
		{55F05633-5E09-415D-B29C-26FA06AADBE6}.Ad-Hoc|x64.ActiveCfg = Debug|Any CPU
		{55F05633-5E09-415D-B29C-26FA06AADBE6}.Ad-Hoc|x64.Build.0 = Debug|Any CPU
		{55F05633-5E09-415D-B29C-26FA06AADBE6}.Ad-Hoc|x86.ActiveCfg = Debug|Any CPU
		{55F05633-5E09-415D-B29C-26FA06AADBE6}.Ad-Hoc|x86.Build.0 = Debug|Any CPU
		{55F05633-5E09-415D-B29C-26FA06AADBE6}.AppStore|Any CPU.ActiveCfg = Debug|Any CPU
		{55F05633-5E09-415D-B29C-26FA06AADBE6}.AppStore|Any CPU.Build.0 = Debug|Any CPU
		{55F05633-5E09-415D-B29C-26FA06AADBE6}.AppStore|ARM.ActiveCfg = Debug|Any CPU
		{55F05633-5E09-415D-B29C-26FA06AADBE6}.AppStore|ARM.Build.0 = Debug|Any CPU
		{55F05633-5E09-415D-B29C-26FA06AADBE6}.AppStore|iPhone.ActiveCfg = Debug|Any CPU
		{55F05633-5E09-415D-B29C-26FA06AADBE6}.AppStore|iPhone.Build.0 = Debug|Any CPU
		{55F05633-5E09-415D-B29C-26FA06AADBE6}.AppStore|iPhoneSimulator.ActiveCfg = Debug|Any CPU
		{55F05633-5E09-415D-B29C-26FA06AADBE6}.AppStore|iPhoneSimulator.Build.0 = Debug|Any CPU
		{55F05633-5E09-415D-B29C-26FA06AADBE6}.AppStore|x64.ActiveCfg = Debug|Any CPU
		{55F05633-5E09-415D-B29C-26FA06AADBE6}.AppStore|x64.Build.0 = Debug|Any CPU
		{55F05633-5E09-415D-B29C-26FA06AADBE6}.AppStore|x86.ActiveCfg = Debug|Any CPU
		{55F05633-5E09-415D-B29C-26FA06AADBE6}.AppStore|x86.Build.0 = Debug|Any CPU
		{55F05633-5E09-415D-B29C-26FA06AADBE6}.Debug|Any CPU.ActiveCfg = Debug|Any CPU
		{55F05633-5E09-415D-B29C-26FA06AADBE6}.Debug|Any CPU.Build.0 = Debug|Any CPU
		{55F05633-5E09-415D-B29C-26FA06AADBE6}.Debug|ARM.ActiveCfg = Debug|Any CPU
		{55F05633-5E09-415D-B29C-26FA06AADBE6}.Debug|ARM.Build.0 = Debug|Any CPU
		{55F05633-5E09-415D-B29C-26FA06AADBE6}.Debug|iPhone.ActiveCfg = Debug|Any CPU
		{55F05633-5E09-415D-B29C-26FA06AADBE6}.Debug|iPhone.Build.0 = Debug|Any CPU
		{55F05633-5E09-415D-B29C-26FA06AADBE6}.Debug|iPhoneSimulator.ActiveCfg = Debug|Any CPU
		{55F05633-5E09-415D-B29C-26FA06AADBE6}.Debug|iPhoneSimulator.Build.0 = Debug|Any CPU
		{55F05633-5E09-415D-B29C-26FA06AADBE6}.Debug|x64.ActiveCfg = Debug|Any CPU
		{55F05633-5E09-415D-B29C-26FA06AADBE6}.Debug|x64.Build.0 = Debug|Any CPU
		{55F05633-5E09-415D-B29C-26FA06AADBE6}.Debug|x86.ActiveCfg = Debug|Any CPU
		{55F05633-5E09-415D-B29C-26FA06AADBE6}.Debug|x86.Build.0 = Debug|Any CPU
		{55F05633-5E09-415D-B29C-26FA06AADBE6}.Release|Any CPU.ActiveCfg = Release|Any CPU
		{55F05633-5E09-415D-B29C-26FA06AADBE6}.Release|Any CPU.Build.0 = Release|Any CPU
		{55F05633-5E09-415D-B29C-26FA06AADBE6}.Release|ARM.ActiveCfg = Release|Any CPU
		{55F05633-5E09-415D-B29C-26FA06AADBE6}.Release|ARM.Build.0 = Release|Any CPU
		{55F05633-5E09-415D-B29C-26FA06AADBE6}.Release|iPhone.ActiveCfg = Release|Any CPU
		{55F05633-5E09-415D-B29C-26FA06AADBE6}.Release|iPhone.Build.0 = Release|Any CPU
		{55F05633-5E09-415D-B29C-26FA06AADBE6}.Release|iPhoneSimulator.ActiveCfg = Release|Any CPU
		{55F05633-5E09-415D-B29C-26FA06AADBE6}.Release|iPhoneSimulator.Build.0 = Release|Any CPU
		{55F05633-5E09-415D-B29C-26FA06AADBE6}.Release|x64.ActiveCfg = Release|Any CPU
		{55F05633-5E09-415D-B29C-26FA06AADBE6}.Release|x64.Build.0 = Release|Any CPU
		{55F05633-5E09-415D-B29C-26FA06AADBE6}.Release|x86.ActiveCfg = Release|Any CPU
		{55F05633-5E09-415D-B29C-26FA06AADBE6}.Release|x86.Build.0 = Release|Any CPU
	EndGlobalSection
	GlobalSection(SolutionProperties) = preSolution
		HideSolutionNode = FALSE
	EndGlobalSection
	GlobalSection(NestedProjects) = preSolution
		{BF62EA2D-6B26-4A5E-A8EF-B25E05028CB9} = {7A614866-844B-41F0-A63E-440F39301E3E}
		{231E9DD8-CE58-43BC-8C86-8A6401B9ED93} = {7A614866-844B-41F0-A63E-440F39301E3E}
		{6A651EE7-2660-4E9D-A08E-843F935D44D5} = {37C77A6A-19AD-406F-BDFD-E9DC9DD5EA99}
		{E8FBB747-6E7B-4CE7-AE50-9DA9B755932F} = {37C77A6A-19AD-406F-BDFD-E9DC9DD5EA99}
		{969BCF96-6870-4227-84F9-9202A0446AEC} = {90CAD0B5-CB86-45FB-AE80-5F25E49A1204}
		{4604D7C5-51B6-4E74-8BF7-DCE168D37F6C} = {90CAD0B5-CB86-45FB-AE80-5F25E49A1204}
		{55F05633-5E09-415D-B29C-26FA06AADBE6} = {90CAD0B5-CB86-45FB-AE80-5F25E49A1204}
	EndGlobalSection
	GlobalSection(ExtensibilityGlobals) = postSolution
		SolutionGuid = {D82EA5EF-C873-46BF-BA33-653A0D03A350}
	EndGlobalSection
EndGlobal
