
Microsoft Visual Studio Solution File, Format Version 12.00
# Visual Studio 14
VisualStudioVersion = 14.0.25420.1
MinimumVisualStudioVersion = 10.0.40219.1
Project("{FAE04EC0-301F-11D3-BF4B-00C04F79EFBC}") = "GamesLibrary.DataStore.Model", "GamesLibrary.DataStore.Model\GamesLibrary.DataStore.Model.csproj", "{A44DF5EF-47AF-4BF1-BB81-9509233C4BFD}"
EndProject
Project("{FAE04EC0-301F-11D3-BF4B-00C04F79EFBC}") = "GamesLibrary.DataStore.Definitions", "GamesLibrary.DataStore.Definitions\GamesLibrary.DataStore.Definitions.csproj", "{034DCC92-068D-44A7-9DAA-8597DAEFA985}"
EndProject
Project("{FAE04EC0-301F-11D3-BF4B-00C04F79EFBC}") = "GamesLibrary.Client.Core", "GamesLibrary.Client.Core\GamesLibrary.Client.Core.csproj", "{E6D7174E-93BA-495D-A42F-65F6ED99F679}"
EndProject
Project("{FAE04EC0-301F-11D3-BF4B-00C04F79EFBC}") = "GamesLibrary.Client.UI", "GamesLibrary.Client.UI\GamesLibrary.Client.UI.csproj", "{7A7A5BAF-2161-41A9-BF07-A3FAA5656189}"
EndProject
Project("{FAE04EC0-301F-11D3-BF4B-00C04F79EFBC}") = "GamesLibrary.DataStore.Local", "GamesLibrary.DataStore.Local\GamesLibrary.DataStore.Local.csproj", "{4C86F900-0915-4FC1-8B6B-C5B413DF394B}"
EndProject
Project("{2150E333-8FDC-42A3-9474-1A3956D46DE8}") = "DataStore", "DataStore", "{90CAD0B5-CB86-45FB-AE80-5F25E49A1204}"
EndProject
Project("{2150E333-8FDC-42A3-9474-1A3956D46DE8}") = "Core", "Core", "{37C77A6A-19AD-406F-BDFD-E9DC9DD5EA99}"
EndProject
Project("{FAE04EC0-301F-11D3-BF4B-00C04F79EFBC}") = "GamesLibrary.UWP", "GamesLibrary.UWP\GamesLibrary.UWP.csproj", "{BF62EA2D-6B26-4A5E-A8EF-B25E05028CB9}"
EndProject
Project("{FAE04EC0-301F-11D3-BF4B-00C04F79EFBC}") = "GamesLibrary.Android", "GamesLibrary.Android\GamesLibrary.Android.csproj", "{231E9DD8-CE58-43BC-8C86-8A6401B9ED93}"
EndProject
Project("{2150E333-8FDC-42A3-9474-1A3956D46DE8}") = "Targets", "Targets", "{7A614866-844B-41F0-A63E-440F39301E3E}"
EndProject
Project("{FAE04EC0-301F-11D3-BF4B-00C04F79EFBC}") = "GamesLibrary.DataStore.Mocks", "GamesLibrary.DataStore.Mocks\GamesLibrary.DataStore.Mocks.csproj", "{58A8AD74-E3F9-42ED-80A0-C611DE3CFF50}"
EndProject
Global
	GlobalSection(SolutionConfigurationPlatforms) = preSolution
		Debug|Any CPU = Debug|Any CPU
		Debug|ARM = Debug|ARM
		Debug|x64 = Debug|x64
		Debug|x86 = Debug|x86
		Release|Any CPU = Release|Any CPU
		Release|ARM = Release|ARM
		Release|x64 = Release|x64
		Release|x86 = Release|x86
	EndGlobalSection
	GlobalSection(ProjectConfigurationPlatforms) = postSolution
		{A44DF5EF-47AF-4BF1-BB81-9509233C4BFD}.Debug|Any CPU.ActiveCfg = Debug|Any CPU
		{A44DF5EF-47AF-4BF1-BB81-9509233C4BFD}.Debug|Any CPU.Build.0 = Debug|Any CPU
		{A44DF5EF-47AF-4BF1-BB81-9509233C4BFD}.Debug|ARM.ActiveCfg = Debug|Any CPU
		{A44DF5EF-47AF-4BF1-BB81-9509233C4BFD}.Debug|ARM.Build.0 = Debug|Any CPU
		{A44DF5EF-47AF-4BF1-BB81-9509233C4BFD}.Debug|x64.ActiveCfg = Debug|Any CPU
		{A44DF5EF-47AF-4BF1-BB81-9509233C4BFD}.Debug|x64.Build.0 = Debug|Any CPU
		{A44DF5EF-47AF-4BF1-BB81-9509233C4BFD}.Debug|x86.ActiveCfg = Debug|Any CPU
		{A44DF5EF-47AF-4BF1-BB81-9509233C4BFD}.Debug|x86.Build.0 = Debug|Any CPU
		{A44DF5EF-47AF-4BF1-BB81-9509233C4BFD}.Release|Any CPU.ActiveCfg = Release|Any CPU
		{A44DF5EF-47AF-4BF1-BB81-9509233C4BFD}.Release|Any CPU.Build.0 = Release|Any CPU
		{A44DF5EF-47AF-4BF1-BB81-9509233C4BFD}.Release|ARM.ActiveCfg = Release|Any CPU
		{A44DF5EF-47AF-4BF1-BB81-9509233C4BFD}.Release|ARM.Build.0 = Release|Any CPU
		{A44DF5EF-47AF-4BF1-BB81-9509233C4BFD}.Release|x64.ActiveCfg = Release|Any CPU
		{A44DF5EF-47AF-4BF1-BB81-9509233C4BFD}.Release|x64.Build.0 = Release|Any CPU
		{A44DF5EF-47AF-4BF1-BB81-9509233C4BFD}.Release|x86.ActiveCfg = Release|Any CPU
		{A44DF5EF-47AF-4BF1-BB81-9509233C4BFD}.Release|x86.Build.0 = Release|Any CPU
		{034DCC92-068D-44A7-9DAA-8597DAEFA985}.Debug|Any CPU.ActiveCfg = Debug|Any CPU
		{034DCC92-068D-44A7-9DAA-8597DAEFA985}.Debug|Any CPU.Build.0 = Debug|Any CPU
		{034DCC92-068D-44A7-9DAA-8597DAEFA985}.Debug|ARM.ActiveCfg = Debug|Any CPU
		{034DCC92-068D-44A7-9DAA-8597DAEFA985}.Debug|ARM.Build.0 = Debug|Any CPU
		{034DCC92-068D-44A7-9DAA-8597DAEFA985}.Debug|x64.ActiveCfg = Debug|Any CPU
		{034DCC92-068D-44A7-9DAA-8597DAEFA985}.Debug|x64.Build.0 = Debug|Any CPU
		{034DCC92-068D-44A7-9DAA-8597DAEFA985}.Debug|x86.ActiveCfg = Debug|Any CPU
		{034DCC92-068D-44A7-9DAA-8597DAEFA985}.Debug|x86.Build.0 = Debug|Any CPU
		{034DCC92-068D-44A7-9DAA-8597DAEFA985}.Release|Any CPU.ActiveCfg = Release|Any CPU
		{034DCC92-068D-44A7-9DAA-8597DAEFA985}.Release|Any CPU.Build.0 = Release|Any CPU
		{034DCC92-068D-44A7-9DAA-8597DAEFA985}.Release|ARM.ActiveCfg = Release|Any CPU
		{034DCC92-068D-44A7-9DAA-8597DAEFA985}.Release|ARM.Build.0 = Release|Any CPU
		{034DCC92-068D-44A7-9DAA-8597DAEFA985}.Release|x64.ActiveCfg = Release|Any CPU
		{034DCC92-068D-44A7-9DAA-8597DAEFA985}.Release|x64.Build.0 = Release|Any CPU
		{034DCC92-068D-44A7-9DAA-8597DAEFA985}.Release|x86.ActiveCfg = Release|Any CPU
		{034DCC92-068D-44A7-9DAA-8597DAEFA985}.Release|x86.Build.0 = Release|Any CPU
		{E6D7174E-93BA-495D-A42F-65F6ED99F679}.Debug|Any CPU.ActiveCfg = Debug|Any CPU
		{E6D7174E-93BA-495D-A42F-65F6ED99F679}.Debug|Any CPU.Build.0 = Debug|Any CPU
		{E6D7174E-93BA-495D-A42F-65F6ED99F679}.Debug|ARM.ActiveCfg = Debug|Any CPU
		{E6D7174E-93BA-495D-A42F-65F6ED99F679}.Debug|ARM.Build.0 = Debug|Any CPU
		{E6D7174E-93BA-495D-A42F-65F6ED99F679}.Debug|x64.ActiveCfg = Debug|Any CPU
		{E6D7174E-93BA-495D-A42F-65F6ED99F679}.Debug|x64.Build.0 = Debug|Any CPU
		{E6D7174E-93BA-495D-A42F-65F6ED99F679}.Debug|x86.ActiveCfg = Debug|Any CPU
		{E6D7174E-93BA-495D-A42F-65F6ED99F679}.Debug|x86.Build.0 = Debug|Any CPU
		{E6D7174E-93BA-495D-A42F-65F6ED99F679}.Release|Any CPU.ActiveCfg = Release|Any CPU
		{E6D7174E-93BA-495D-A42F-65F6ED99F679}.Release|Any CPU.Build.0 = Release|Any CPU
		{E6D7174E-93BA-495D-A42F-65F6ED99F679}.Release|ARM.ActiveCfg = Release|Any CPU
		{E6D7174E-93BA-495D-A42F-65F6ED99F679}.Release|ARM.Build.0 = Release|Any CPU
		{E6D7174E-93BA-495D-A42F-65F6ED99F679}.Release|x64.ActiveCfg = Release|Any CPU
		{E6D7174E-93BA-495D-A42F-65F6ED99F679}.Release|x64.Build.0 = Release|Any CPU
		{E6D7174E-93BA-495D-A42F-65F6ED99F679}.Release|x86.ActiveCfg = Release|Any CPU
		{E6D7174E-93BA-495D-A42F-65F6ED99F679}.Release|x86.Build.0 = Release|Any CPU
		{7A7A5BAF-2161-41A9-BF07-A3FAA5656189}.Debug|Any CPU.ActiveCfg = Debug|Any CPU
		{7A7A5BAF-2161-41A9-BF07-A3FAA5656189}.Debug|Any CPU.Build.0 = Debug|Any CPU
		{7A7A5BAF-2161-41A9-BF07-A3FAA5656189}.Debug|ARM.ActiveCfg = Debug|Any CPU
		{7A7A5BAF-2161-41A9-BF07-A3FAA5656189}.Debug|ARM.Build.0 = Debug|Any CPU
		{7A7A5BAF-2161-41A9-BF07-A3FAA5656189}.Debug|x64.ActiveCfg = Debug|Any CPU
		{7A7A5BAF-2161-41A9-BF07-A3FAA5656189}.Debug|x64.Build.0 = Debug|Any CPU
		{7A7A5BAF-2161-41A9-BF07-A3FAA5656189}.Debug|x86.ActiveCfg = Debug|Any CPU
		{7A7A5BAF-2161-41A9-BF07-A3FAA5656189}.Debug|x86.Build.0 = Debug|Any CPU
		{7A7A5BAF-2161-41A9-BF07-A3FAA5656189}.Release|Any CPU.ActiveCfg = Release|Any CPU
		{7A7A5BAF-2161-41A9-BF07-A3FAA5656189}.Release|Any CPU.Build.0 = Release|Any CPU
		{7A7A5BAF-2161-41A9-BF07-A3FAA5656189}.Release|ARM.ActiveCfg = Release|Any CPU
		{7A7A5BAF-2161-41A9-BF07-A3FAA5656189}.Release|ARM.Build.0 = Release|Any CPU
		{7A7A5BAF-2161-41A9-BF07-A3FAA5656189}.Release|x64.ActiveCfg = Release|Any CPU
		{7A7A5BAF-2161-41A9-BF07-A3FAA5656189}.Release|x64.Build.0 = Release|Any CPU
		{7A7A5BAF-2161-41A9-BF07-A3FAA5656189}.Release|x86.ActiveCfg = Release|Any CPU
		{7A7A5BAF-2161-41A9-BF07-A3FAA5656189}.Release|x86.Build.0 = Release|Any CPU
		{4C86F900-0915-4FC1-8B6B-C5B413DF394B}.Debug|Any CPU.ActiveCfg = Debug|Any CPU
		{4C86F900-0915-4FC1-8B6B-C5B413DF394B}.Debug|Any CPU.Build.0 = Debug|Any CPU
		{4C86F900-0915-4FC1-8B6B-C5B413DF394B}.Debug|ARM.ActiveCfg = Debug|Any CPU
		{4C86F900-0915-4FC1-8B6B-C5B413DF394B}.Debug|ARM.Build.0 = Debug|Any CPU
		{4C86F900-0915-4FC1-8B6B-C5B413DF394B}.Debug|x64.ActiveCfg = Debug|Any CPU
		{4C86F900-0915-4FC1-8B6B-C5B413DF394B}.Debug|x64.Build.0 = Debug|Any CPU
		{4C86F900-0915-4FC1-8B6B-C5B413DF394B}.Debug|x86.ActiveCfg = Debug|Any CPU
		{4C86F900-0915-4FC1-8B6B-C5B413DF394B}.Debug|x86.Build.0 = Debug|Any CPU
		{4C86F900-0915-4FC1-8B6B-C5B413DF394B}.Release|Any CPU.ActiveCfg = Release|Any CPU
		{4C86F900-0915-4FC1-8B6B-C5B413DF394B}.Release|Any CPU.Build.0 = Release|Any CPU
		{4C86F900-0915-4FC1-8B6B-C5B413DF394B}.Release|ARM.ActiveCfg = Release|Any CPU
		{4C86F900-0915-4FC1-8B6B-C5B413DF394B}.Release|ARM.Build.0 = Release|Any CPU
		{4C86F900-0915-4FC1-8B6B-C5B413DF394B}.Release|x64.ActiveCfg = Release|Any CPU
		{4C86F900-0915-4FC1-8B6B-C5B413DF394B}.Release|x64.Build.0 = Release|Any CPU
		{4C86F900-0915-4FC1-8B6B-C5B413DF394B}.Release|x86.ActiveCfg = Release|Any CPU
		{4C86F900-0915-4FC1-8B6B-C5B413DF394B}.Release|x86.Build.0 = Release|Any CPU
		{BF62EA2D-6B26-4A5E-A8EF-B25E05028CB9}.Debug|Any CPU.ActiveCfg = Debug|x86
		{BF62EA2D-6B26-4A5E-A8EF-B25E05028CB9}.Debug|Any CPU.Build.0 = Debug|x86
		{BF62EA2D-6B26-4A5E-A8EF-B25E05028CB9}.Debug|Any CPU.Deploy.0 = Debug|x86
		{BF62EA2D-6B26-4A5E-A8EF-B25E05028CB9}.Debug|ARM.ActiveCfg = Debug|ARM
		{BF62EA2D-6B26-4A5E-A8EF-B25E05028CB9}.Debug|ARM.Build.0 = Debug|ARM
		{BF62EA2D-6B26-4A5E-A8EF-B25E05028CB9}.Debug|ARM.Deploy.0 = Debug|ARM
		{BF62EA2D-6B26-4A5E-A8EF-B25E05028CB9}.Debug|x64.ActiveCfg = Debug|x64
		{BF62EA2D-6B26-4A5E-A8EF-B25E05028CB9}.Debug|x64.Build.0 = Debug|x64
		{BF62EA2D-6B26-4A5E-A8EF-B25E05028CB9}.Debug|x64.Deploy.0 = Debug|x64
		{BF62EA2D-6B26-4A5E-A8EF-B25E05028CB9}.Debug|x86.ActiveCfg = Debug|x86
		{BF62EA2D-6B26-4A5E-A8EF-B25E05028CB9}.Debug|x86.Build.0 = Debug|x86
		{BF62EA2D-6B26-4A5E-A8EF-B25E05028CB9}.Debug|x86.Deploy.0 = Debug|x86
		{BF62EA2D-6B26-4A5E-A8EF-B25E05028CB9}.Release|Any CPU.ActiveCfg = Release|x86
		{BF62EA2D-6B26-4A5E-A8EF-B25E05028CB9}.Release|ARM.ActiveCfg = Release|ARM
		{BF62EA2D-6B26-4A5E-A8EF-B25E05028CB9}.Release|ARM.Build.0 = Release|ARM
		{BF62EA2D-6B26-4A5E-A8EF-B25E05028CB9}.Release|ARM.Deploy.0 = Release|ARM
		{BF62EA2D-6B26-4A5E-A8EF-B25E05028CB9}.Release|x64.ActiveCfg = Release|x64
		{BF62EA2D-6B26-4A5E-A8EF-B25E05028CB9}.Release|x64.Build.0 = Release|x64
		{BF62EA2D-6B26-4A5E-A8EF-B25E05028CB9}.Release|x64.Deploy.0 = Release|x64
		{BF62EA2D-6B26-4A5E-A8EF-B25E05028CB9}.Release|x86.ActiveCfg = Release|x86
		{BF62EA2D-6B26-4A5E-A8EF-B25E05028CB9}.Release|x86.Build.0 = Release|x86
		{BF62EA2D-6B26-4A5E-A8EF-B25E05028CB9}.Release|x86.Deploy.0 = Release|x86
		{231E9DD8-CE58-43BC-8C86-8A6401B9ED93}.Debug|Any CPU.ActiveCfg = Debug|Any CPU
		{231E9DD8-CE58-43BC-8C86-8A6401B9ED93}.Debug|Any CPU.Build.0 = Debug|Any CPU
		{231E9DD8-CE58-43BC-8C86-8A6401B9ED93}.Debug|Any CPU.Deploy.0 = Debug|Any CPU
		{231E9DD8-CE58-43BC-8C86-8A6401B9ED93}.Debug|ARM.ActiveCfg = Debug|Any CPU
		{231E9DD8-CE58-43BC-8C86-8A6401B9ED93}.Debug|ARM.Build.0 = Debug|Any CPU
		{231E9DD8-CE58-43BC-8C86-8A6401B9ED93}.Debug|ARM.Deploy.0 = Debug|Any CPU
		{231E9DD8-CE58-43BC-8C86-8A6401B9ED93}.Debug|x64.ActiveCfg = Debug|Any CPU
		{231E9DD8-CE58-43BC-8C86-8A6401B9ED93}.Debug|x64.Build.0 = Debug|Any CPU
		{231E9DD8-CE58-43BC-8C86-8A6401B9ED93}.Debug|x64.Deploy.0 = Debug|Any CPU
		{231E9DD8-CE58-43BC-8C86-8A6401B9ED93}.Debug|x86.ActiveCfg = Debug|Any CPU
		{231E9DD8-CE58-43BC-8C86-8A6401B9ED93}.Debug|x86.Build.0 = Debug|Any CPU
		{231E9DD8-CE58-43BC-8C86-8A6401B9ED93}.Debug|x86.Deploy.0 = Debug|Any CPU
		{231E9DD8-CE58-43BC-8C86-8A6401B9ED93}.Release|Any CPU.ActiveCfg = Release|Any CPU
		{231E9DD8-CE58-43BC-8C86-8A6401B9ED93}.Release|Any CPU.Build.0 = Release|Any CPU
		{231E9DD8-CE58-43BC-8C86-8A6401B9ED93}.Release|Any CPU.Deploy.0 = Release|Any CPU
		{231E9DD8-CE58-43BC-8C86-8A6401B9ED93}.Release|ARM.ActiveCfg = Release|Any CPU
		{231E9DD8-CE58-43BC-8C86-8A6401B9ED93}.Release|ARM.Build.0 = Release|Any CPU
		{231E9DD8-CE58-43BC-8C86-8A6401B9ED93}.Release|ARM.Deploy.0 = Release|Any CPU
		{231E9DD8-CE58-43BC-8C86-8A6401B9ED93}.Release|x64.ActiveCfg = Release|Any CPU
		{231E9DD8-CE58-43BC-8C86-8A6401B9ED93}.Release|x64.Build.0 = Release|Any CPU
		{231E9DD8-CE58-43BC-8C86-8A6401B9ED93}.Release|x64.Deploy.0 = Release|Any CPU
		{231E9DD8-CE58-43BC-8C86-8A6401B9ED93}.Release|x86.ActiveCfg = Release|Any CPU
		{231E9DD8-CE58-43BC-8C86-8A6401B9ED93}.Release|x86.Build.0 = Release|Any CPU
		{231E9DD8-CE58-43BC-8C86-8A6401B9ED93}.Release|x86.Deploy.0 = Release|Any CPU
		{58A8AD74-E3F9-42ED-80A0-C611DE3CFF50}.Debug|Any CPU.ActiveCfg = Debug|Any CPU
		{58A8AD74-E3F9-42ED-80A0-C611DE3CFF50}.Debug|Any CPU.Build.0 = Debug|Any CPU
		{58A8AD74-E3F9-42ED-80A0-C611DE3CFF50}.Debug|ARM.ActiveCfg = Debug|Any CPU
		{58A8AD74-E3F9-42ED-80A0-C611DE3CFF50}.Debug|ARM.Build.0 = Debug|Any CPU
		{58A8AD74-E3F9-42ED-80A0-C611DE3CFF50}.Debug|x64.ActiveCfg = Debug|Any CPU
		{58A8AD74-E3F9-42ED-80A0-C611DE3CFF50}.Debug|x64.Build.0 = Debug|Any CPU
		{58A8AD74-E3F9-42ED-80A0-C611DE3CFF50}.Debug|x86.ActiveCfg = Debug|Any CPU
		{58A8AD74-E3F9-42ED-80A0-C611DE3CFF50}.Debug|x86.Build.0 = Debug|Any CPU
		{58A8AD74-E3F9-42ED-80A0-C611DE3CFF50}.Release|Any CPU.ActiveCfg = Release|Any CPU
		{58A8AD74-E3F9-42ED-80A0-C611DE3CFF50}.Release|Any CPU.Build.0 = Release|Any CPU
		{58A8AD74-E3F9-42ED-80A0-C611DE3CFF50}.Release|ARM.ActiveCfg = Release|Any CPU
		{58A8AD74-E3F9-42ED-80A0-C611DE3CFF50}.Release|ARM.Build.0 = Release|Any CPU
		{58A8AD74-E3F9-42ED-80A0-C611DE3CFF50}.Release|x64.ActiveCfg = Release|Any CPU
		{58A8AD74-E3F9-42ED-80A0-C611DE3CFF50}.Release|x64.Build.0 = Release|Any CPU
		{58A8AD74-E3F9-42ED-80A0-C611DE3CFF50}.Release|x86.ActiveCfg = Release|Any CPU
		{58A8AD74-E3F9-42ED-80A0-C611DE3CFF50}.Release|x86.Build.0 = Release|Any CPU
	EndGlobalSection
	GlobalSection(SolutionProperties) = preSolution
		HideSolutionNode = FALSE
	EndGlobalSection
	GlobalSection(NestedProjects) = preSolution
		{A44DF5EF-47AF-4BF1-BB81-9509233C4BFD} = {90CAD0B5-CB86-45FB-AE80-5F25E49A1204}
		{034DCC92-068D-44A7-9DAA-8597DAEFA985} = {90CAD0B5-CB86-45FB-AE80-5F25E49A1204}
		{E6D7174E-93BA-495D-A42F-65F6ED99F679} = {37C77A6A-19AD-406F-BDFD-E9DC9DD5EA99}
		{7A7A5BAF-2161-41A9-BF07-A3FAA5656189} = {37C77A6A-19AD-406F-BDFD-E9DC9DD5EA99}
		{4C86F900-0915-4FC1-8B6B-C5B413DF394B} = {90CAD0B5-CB86-45FB-AE80-5F25E49A1204}
		{BF62EA2D-6B26-4A5E-A8EF-B25E05028CB9} = {7A614866-844B-41F0-A63E-440F39301E3E}
		{231E9DD8-CE58-43BC-8C86-8A6401B9ED93} = {7A614866-844B-41F0-A63E-440F39301E3E}
		{58A8AD74-E3F9-42ED-80A0-C611DE3CFF50} = {90CAD0B5-CB86-45FB-AE80-5F25E49A1204}
	EndGlobalSection
EndGlobal
